{
    "_meta": {
        "hash": {
            "sha256": "9ddec6d9cf8666f5f15f6eaf267a91dae5a30b3a6b9dc3fd70d1f9ec8f9c7902"
        },
        "pipfile-spec": 6,
        "requires": {
            "python_full_version": ">=3.11"
        },
        "sources": [
            {
                "name": "pypi",
                "url": "https://pypi.org/simple",
                "verify_ssl": true
            }
        ]
    },
    "default": {
        "livereloadx": {
            "hashes": [
                "sha256:77d29f1fae448f882067a6f3670cdabbb99b44f328a95f8ad8ba838f3074c163"
            ],
            "index": "pypi",
            "markers": "python_version >= '3.7'",
            "version": "==2.6.10"
        },
        "tornado": {
            "hashes": [
                "sha256:053e6e16701eb6cbe641f308f4c1a9541f91b6261991160391bfc342e8a551a1",
                "sha256:1768110f2411d5cd281bac0a090f707223ce77fd110424361092859e089b38d1",
                "sha256:2d50f63dda1d2cac3ae1fa23d254e16b5e38153758470e9956cbc3d813d40843",
                "sha256:50ff0a58b0dc97939d29da29cd624da010e7f804746621c78d14b80238669335",
                "sha256:6076d5dda368c9328ff41ab5d9dd3608e695e8225d1cd0fd1e006f05da3635a8",
                "sha256:6eb82872335a53dd063a4f10917b3efd28270b56a33db69009606a0312660a6f",
                "sha256:9c86b1643b33a4cd415f8d0fe53045f913bf07b4a3ef646b735a6a86047dda84",
                "sha256:a22fa9047405d03260b483980635f0b041989d8bcc9a313f8fe18b411d84b1d7",
                "sha256:d1cf66105dc6acb5af613c054955b8137e34a03698aa53272dbda4afe252be17",
                "sha256:d6241c1a16b1c9e4cc28148b1cda97dd1c6cb4fb7068ac1bedc610768dff0ba9",
                "sha256:e5fb5e04efa54cf0baabdd10061eb4148e0be137166146fff835745f59ab9f7f",
                "sha256:fa07d31e0cd85c60713f2b995da613588aa03e1303d75705dca6af8babc18ddc"
            ],
            "markers": "python_version >= '3.9'",
            "version": "==6.5.4"
        }
    },
    "develop": {}
}
